
Microsoft Visual Studio Solution File, Format Version 12.00
# Visual Studio 15
VisualStudioVersion = 15.0.26730.15
MinimumVisualStudioVersion = 10.0.40219.1
Project("{FAE04EC0-301F-11D3-BF4B-00C04F79EFBC}") = "ConsoleApp1", "ConsoleApp1\ConsoleApp1.csproj", "{C3AF6CD7-95C2-43FB-922E-90AAE07FEE33}"
EndProject
Global
	GlobalSection(SolutionConfigurationPlatforms) = preSolution
		Debug|Any CPU = Debug|Any CPU
		Release|Any CPU = Release|Any CPU
	EndGlobalSection
	GlobalSection(ProjectConfigurationPlatforms) = postSolution
		{C3AF6CD7-95C2-43FB-922E-90AAE07FEE33}.Debug|Any CPU.ActiveCfg = Debug|Any CPU
		{C3AF6CD7-95C2-43FB-922E-90AAE07FEE33}.Debug|Any CPU.Build.0 = Debug|Any CPU
		{C3AF6CD7-95C2-43FB-922E-90AAE07FEE33}.Release|Any CPU.ActiveCfg = Release|Any CPU
		{C3AF6CD7-95C2-43FB-922E-90AAE07FEE33}.Release|Any CPU.Build.0 = Release|Any CPU
	EndGlobalSection
	GlobalSection(SolutionProperties) = preSolution
		HideSolutionNode = FALSE
	EndGlobalSection
	GlobalSection(ExtensibilityGlobals) = postSolution
		SolutionGuid = {14E59B62-9561-47AC-ADAD-4D2F7B2A1DC1}
	EndGlobalSection
EndGlobal
